// !$*UTF8*$!
{
	archiveVersion = 1;
	classes = {
	};
	objectVersion = 46;
	objects = {

/* Begin PBXBuildFile section */
		7A8FCAD11E5BDB9A003942B5 /* AppDelegate.swift in Sources */ = {isa = PBXBuildFile; fileRef = 7A8FCAD01E5BDB9A003942B5 /* AppDelegate.swift */; };
		7A8FCAD31E5BDB9A003942B5 /* FirstViewController.swift in Sources */ = {isa = PBXBuildFile; fileRef = 7A8FCAD21E5BDB9A003942B5 /* FirstViewController.swift */; };
		7A8FCAD51E5BDB9A003942B5 /* SecondViewController.swift in Sources */ = {isa = PBXBuildFile; fileRef = 7A8FCAD41E5BDB9A003942B5 /* SecondViewController.swift */; };
		7A8FCAD81E5BDB9A003942B5 /* Main.storyboard in Resources */ = {isa = PBXBuildFile; fileRef = 7A8FCAD61E5BDB9A003942B5 /* Main.storyboard */; };
		7A8FCADA1E5BDB9A003942B5 /* Assets.xcassets in Resources */ = {isa = PBXBuildFile; fileRef = 7A8FCAD91E5BDB9A003942B5 /* Assets.xcassets */; };
		7A8FCADD1E5BDB9A003942B5 /* LaunchScreen.storyboard in Resources */ = {isa = PBXBuildFile; fileRef = 7A8FCADB1E5BDB9A003942B5 /* LaunchScreen.storyboard */; };
		7A8FCAE81E5BDB9A003942B5 /* LemeTests.swift in Sources */ = {isa = PBXBuildFile; fileRef = 7A8FCAE71E5BDB9A003942B5 /* LemeTests.swift */; };
/* End PBXBuildFile section */

/* Begin PBXContainerItemProxy section */
		7A8FCAE41E5BDB9A003942B5 /* PBXContainerItemProxy */ = {
			isa = PBXContainerItemProxy;
			containerPortal = 7A8FCAC51E5BDB9A003942B5 /* Project object */;
			proxyType = 1;
			remoteGlobalIDString = 7A8FCACC1E5BDB9A003942B5;
			remoteInfo = Leme;
		};
/* End PBXContainerItemProxy section */

/* Begin PBXFileReference section */
		7A8FCACD1E5BDB9A003942B5 /* Leme.app */ = {isa = PBXFileReference; explicitFileType = wrapper.application; includeInIndex = 0; path = Leme.app; sourceTree = BUILT_PRODUCTS_DIR; };
		7A8FCAD01E5BDB9A003942B5 /* AppDelegate.swift */ = {isa = PBXFileReference; lastKnownFileType = sourcecode.swift; path = AppDelegate.swift; sourceTree = "<group>"; };
		7A8FCAD21E5BDB9A003942B5 /* FirstViewController.swift */ = {isa = PBXFileReference; lastKnownFileType = sourcecode.swift; path = FirstViewController.swift; sourceTree = "<group>"; };
		7A8FCAD41E5BDB9A003942B5 /* SecondViewController.swift */ = {isa = PBXFileReference; lastKnownFileType = sourcecode.swift; path = SecondViewController.swift; sourceTree = "<group>"; };
		7A8FCAD71E5BDB9A003942B5 /* Base */ = {isa = PBXFileReference; lastKnownFileType = file.storyboard; name = Base; path = Base.lproj/Main.storyboard; sourceTree = "<group>"; };
		7A8FCAD91E5BDB9A003942B5 /* Assets.xcassets */ = {isa = PBXFileReference; lastKnownFileType = folder.assetcatalog; path = Assets.xcassets; sourceTree = "<group>"; };
		7A8FCADC1E5BDB9A003942B5 /* Base */ = {isa = PBXFileReference; lastKnownFileType = file.storyboard; name = Base; path = Base.lproj/LaunchScreen.storyboard; sourceTree = "<group>"; };
		7A8FCADE1E5BDB9A003942B5 /* Info.plist */ = {isa = PBXFileReference; lastKnownFileType = text.plist.xml; path = Info.plist; sourceTree = "<group>"; };
		7A8FCAE31E5BDB9A003942B5 /* LemeTests.xctest */ = {isa = PBXFileReference; explicitFileType = wrapper.cfbundle; includeInIndex = 0; path = LemeTests.xctest; sourceTree = BUILT_PRODUCTS_DIR; };
		7A8FCAE71E5BDB9A003942B5 /* LemeTests.swift */ = {isa = PBXFileReference; lastKnownFileType = sourcecode.swift; path = LemeTests.swift; sourceTree = "<group>"; };
		7A8FCAE91E5BDB9A003942B5 /* Info.plist */ = {isa = PBXFileReference; lastKnownFileType = text.plist.xml; path = Info.plist; sourceTree = "<group>"; };
/* End PBXFileReference section */

/* Begin PBXFrameworksBuildPhase section */
		7A8FCACA1E5BDB9A003942B5 /* Frameworks */ = {
			isa = PBXFrameworksBuildPhase;
			buildActionMask = 2147483647;
			files = (
			);
			runOnlyForDeploymentPostprocessing = 0;
		};
		7A8FCAE01E5BDB9A003942B5 /* Frameworks */ = {
			isa = PBXFrameworksBuildPhase;
			buildActionMask = 2147483647;
			files = (
			);
			runOnlyForDeploymentPostprocessing = 0;
		};
/* End PBXFrameworksBuildPhase section */

/* Begin PBXGroup section */
		7A8FCAC41E5BDB9A003942B5 = {
			isa = PBXGroup;
			children = (
				7A8FCACF1E5BDB9A003942B5 /* Leme */,
				7A8FCAE61E5BDB9A003942B5 /* LemeTests */,
				7A8FCACE1E5BDB9A003942B5 /* Products */,
			);
			sourceTree = "<group>";
		};
		7A8FCACE1E5BDB9A003942B5 /* Products */ = {
			isa = PBXGroup;
			children = (
				7A8FCACD1E5BDB9A003942B5 /* Leme.app */,
				7A8FCAE31E5BDB9A003942B5 /* LemeTests.xctest */,
			);
			name = Products;
			sourceTree = "<group>";
		};
		7A8FCACF1E5BDB9A003942B5 /* Leme */ = {
			isa = PBXGroup;
			children = (
				7A8FCAD01E5BDB9A003942B5 /* AppDelegate.swift */,
				7A8FCAD21E5BDB9A003942B5 /* FirstViewController.swift */,
				7A8FCAD41E5BDB9A003942B5 /* SecondViewController.swift */,
				7A8FCAD61E5BDB9A003942B5 /* Main.storyboard */,
				7A8FCAD91E5BDB9A003942B5 /* Assets.xcassets */,
				7A8FCADB1E5BDB9A003942B5 /* LaunchScreen.storyboard */,
				7A8FCADE1E5BDB9A003942B5 /* Info.plist */,
			);
			path = Leme;
			sourceTree = "<group>";
		};
		7A8FCAE61E5BDB9A003942B5 /* LemeTests */ = {
			isa = PBXGroup;
			children = (
				7A8FCAE71E5BDB9A003942B5 /* LemeTests.swift */,
				7A8FCAE91E5BDB9A003942B5 /* Info.plist */,
			);
			path = LemeTests;
			sourceTree = "<group>";
		};
/* End PBXGroup section */

/* Begin PBXNativeTarget section */
		7A8FCACC1E5BDB9A003942B5 /* Leme */ = {
			isa = PBXNativeTarget;
			buildConfigurationList = 7A8FCAEC1E5BDB9A003942B5 /* Build configuration list for PBXNativeTarget "Leme" */;
			buildPhases = (
				7A8FCAC91E5BDB9A003942B5 /* Sources */,
				7A8FCACA1E5BDB9A003942B5 /* Frameworks */,
				7A8FCACB1E5BDB9A003942B5 /* Resources */,
			);
			buildRules = (
			);
			dependencies = (
			);
			name = Leme;
			productName = Leme;
			productReference = 7A8FCACD1E5BDB9A003942B5 /* Leme.app */;
			productType = "com.apple.product-type.application";
		};
		7A8FCAE21E5BDB9A003942B5 /* LemeTests */ = {
			isa = PBXNativeTarget;
			buildConfigurationList = 7A8FCAEF1E5BDB9A003942B5 /* Build configuration list for PBXNativeTarget "LemeTests" */;
			buildPhases = (
				7A8FCADF1E5BDB9A003942B5 /* Sources */,
				7A8FCAE01E5BDB9A003942B5 /* Frameworks */,
				7A8FCAE11E5BDB9A003942B5 /* Resources */,
			);
			buildRules = (
			);
			dependencies = (
				7A8FCAE51E5BDB9A003942B5 /* PBXTargetDependency */,
			);
			name = LemeTests;
			productName = LemeTests;
			productReference = 7A8FCAE31E5BDB9A003942B5 /* LemeTests.xctest */;
			productType = "com.apple.product-type.bundle.unit-test";
		};
/* End PBXNativeTarget section */

/* Begin PBXProject section */
		7A8FCAC51E5BDB9A003942B5 /* Project object */ = {
			isa = PBXProject;
			attributes = {
				LastSwiftUpdateCheck = 0820;
				LastUpgradeCheck = 0820;
				ORGANIZATIONNAME = leeco;
				TargetAttributes = {
					7A8FCACC1E5BDB9A003942B5 = {
						CreatedOnToolsVersion = 8.2.1;
						DevelopmentTeam = VBRK62EWB5;
						ProvisioningStyle = Automatic;
					};
					7A8FCAE21E5BDB9A003942B5 = {
						CreatedOnToolsVersion = 8.2.1;
						DevelopmentTeam = VBRK62EWB5;
						ProvisioningStyle = Automatic;
						TestTargetID = 7A8FCACC1E5BDB9A003942B5;
					};
				};
			};
			buildConfigurationList = 7A8FCAC81E5BDB9A003942B5 /* Build configuration list for PBXProject "Leme" */;
			compatibilityVersion = "Xcode 3.2";
			developmentRegion = English;
			hasScannedForEncodings = 0;
			knownRegions = (
				en,
				Base,
			);
			mainGroup = 7A8FCAC41E5BDB9A003942B5;
			productRefGroup = 7A8FCACE1E5BDB9A003942B5 /* Products */;
			projectDirPath = "";
			projectRoot = "";
			targets = (
				7A8FCACC1E5BDB9A003942B5 /* Leme */,
				7A8FCAE21E5BDB9A003942B5 /* LemeTests */,
			);
		};
/* End PBXProject section */

/* Begin PBXResourcesBuildPhase section */
		7A8FCACB1E5BDB9A003942B5 /* Resources */ = {
			isa = PBXResourcesBuildPhase;
			buildActionMask = 2147483647;
			files = (
				7A8FCADD1E5BDB9A003942B5 /* LaunchScreen.storyboard in Resources */,
				7A8FCADA1E5BDB9A003942B5 /* Assets.xcassets in Resources */,
				7A8FCAD81E5BDB9A003942B5 /* Main.storyboard in Resources */,
			);
			runOnlyForDeploymentPostprocessing = 0;
		};
		7A8FCAE11E5BDB9A003942B5 /* Resources */ = {
			isa = PBXResourcesBuildPhase;
			buildActionMask = 2147483647;
			files = (
			);
			runOnlyForDeploymentPostprocessing = 0;
		};
/* End PBXResourcesBuildPhase section */

/* Begin PBXSourcesBuildPhase section */
		7A8FCAC91E5BDB9A003942B5 /* Sources */ = {
			isa = PBXSourcesBuildPhase;
			buildActionMask = 2147483647;
			files = (
				7A8FCAD51E5BDB9A003942B5 /* SecondViewController.swift in Sources */,
				7A8FCAD11E5BDB9A003942B5 /* AppDelegate.swift in Sources */,
				7A8FCAD31E5BDB9A003942B5 /* FirstViewController.swift in Sources */,
			);
			runOnlyForDeploymentPostprocessing = 0;
		};
		7A8FCADF1E5BDB9A003942B5 /* Sources */ = {
			isa = PBXSourcesBuildPhase;
			buildActionMask = 2147483647;
			files = (
				7A8FCAE81E5BDB9A003942B5 /* LemeTests.swift in Sources */,
			);
			runOnlyForDeploymentPostprocessing = 0;
		};
/* End PBXSourcesBuildPhase section */

/* Begin PBXTargetDependency section */
		7A8FCAE51E5BDB9A003942B5 /* PBXTargetDependency */ = {
			isa = PBXTargetDependency;
			target = 7A8FCACC1E5BDB9A003942B5 /* Leme */;
			targetProxy = 7A8FCAE41E5BDB9A003942B5 /* PBXContainerItemProxy */;
		};
/* End PBXTargetDependency section */

/* Begin PBXVariantGroup section */
		7A8FCAD61E5BDB9A003942B5 /* Main.storyboard */ = {
			isa = PBXVariantGroup;
			children = (
				7A8FCAD71E5BDB9A003942B5 /* Base */,
			);
			name = Main.storyboard;
			sourceTree = "<group>";
		};
		7A8FCADB1E5BDB9A003942B5 /* LaunchScreen.storyboard */ = {
			isa = PBXVariantGroup;
			children = (
				7A8FCADC1E5BDB9A003942B5 /* Base */,
			);
			name = LaunchScreen.storyboard;
			sourceTree = "<group>";
		};
/* End PBXVariantGroup section */

/* Begin XCBuildConfiguration section */
		7A8FCAEA1E5BDB9A003942B5 /* Debug */ = {
			isa = XCBuildConfiguration;
			buildSettings = {
				ALWAYS_SEARCH_USER_PATHS = NO;
				CLANG_ANALYZER_NONNULL = YES;
				CLANG_CXX_LANGUAGE_STANDARD = "gnu++0x";
				CLANG_CXX_LIBRARY = "libc++";
				CLANG_ENABLE_MODULES = YES;
				CLANG_ENABLE_OBJC_ARC = YES;
				CLANG_WARN_BOOL_CONVERSION = YES;
				CLANG_WARN_CONSTANT_CONVERSION = YES;
				CLANG_WARN_DIRECT_OBJC_ISA_USAGE = YES_ERROR;
				CLANG_WARN_DOCUMENTATION_COMMENTS = YES;
				CLANG_WARN_EMPTY_BODY = YES;
				CLANG_WARN_ENUM_CONVERSION = YES;
				CLANG_WARN_INFINITE_RECURSION = YES;
				CLANG_WARN_INT_CONVERSION = YES;
				CLANG_WARN_OBJC_ROOT_CLASS = YES_ERROR;
				CLANG_WARN_SUSPICIOUS_MOVE = YES;
				CLANG_WARN_UNREACHABLE_CODE = YES;
				CLANG_WARN__DUPLICATE_METHOD_MATCH = YES;
				"CODE_SIGN_IDENTITY[sdk=iphoneos*]" = "iPhone Developer";
				COPY_PHASE_STRIP = NO;
				DEBUG_INFORMATION_FORMAT = dwarf;
				ENABLE_STRICT_OBJC_MSGSEND = YES;
				ENABLE_TESTABILITY = YES;
				GCC_C_LANGUAGE_STANDARD = gnu99;
				GCC_DYNAMIC_NO_PIC = NO;
				GCC_NO_COMMON_BLOCKS = YES;
				GCC_OPTIMIZATION_LEVEL = 0;
				GCC_PREPROCESSOR_DEFINITIONS = (
					"DEBUG=1",
					"$(inherited)",
				);
				GCC_WARN_64_TO_32_BIT_CONVERSION = YES;
				GCC_WARN_ABOUT_RETURN_TYPE = YES_ERROR;
				GCC_WARN_UNDECLARED_SELECTOR = YES;
				GCC_WARN_UNINITIALIZED_AUTOS = YES_AGGRESSIVE;
				GCC_WARN_UNUSED_FUNCTION = YES;
				GCC_WARN_UNUSED_VARIABLE = YES;
				IPHONEOS_DEPLOYMENT_TARGET = 10.2;
				MTL_ENABLE_DEBUG_INFO = YES;
				ONLY_ACTIVE_ARCH = YES;
				SDKROOT = iphoneos;
				SWIFT_ACTIVE_COMPILATION_CONDITIONS = DEBUG;
				SWIFT_OPTIMIZATION_LEVEL = "-Onone";
			};
			name = Debug;
		};
		7A8FCAEB1E5BDB9A003942B5 /* Release */ = {
			isa = XCBuildConfiguration;
			buildSettings = {
				ALWAYS_SEARCH_USER_PATHS = NO;
				CLANG_ANALYZER_NONNULL = YES;
				CLANG_CXX_LANGUAGE_STANDARD = "gnu++0x";
				CLANG_CXX_LIBRARY = "libc++";
				CLANG_ENABLE_MODULES = YES;
				CLANG_ENABLE_OBJC_ARC = YES;
				CLANG_WARN_BOOL_CONVERSION = YES;
				CLANG_WARN_CONSTANT_CONVERSION = YES;
				CLANG_WARN_DIRECT_OBJC_ISA_USAGE = YES_ERROR;
				CLANG_WARN_DOCUMENTATION_COMMENTS = YES;
				CLANG_WARN_EMPTY_BODY = YES;
				CLANG_WARN_ENUM_CONVERSION = YES;
				CLANG_WARN_INFINITE_RECURSION = YES;
				CLANG_WARN_INT_CONVERSION = YES;
				CLANG_WARN_OBJC_ROOT_CLASS = YES_ERROR;
				CLANG_WARN_SUSPICIOUS_MOVE = YES;
				CLANG_WARN_UNREACHABLE_CODE = YES;
				CLANG_WARN__DUPLICATE_METHOD_MATCH = YES;
				"CODE_SIGN_IDENTITY[sdk=iphoneos*]" = "iPhone Developer";
				COPY_PHASE_STRIP = NO;
				DEBUG_INFORMATION_FORMAT = "dwarf-with-dsym";
				ENABLE_NS_ASSERTIONS = NO;
				ENABLE_STRICT_OBJC_MSGSEND = YES;
				GCC_C_LANGUAGE_STANDARD = gnu99;
				GCC_NO_COMMON_BLOCKS = YES;
				GCC_WARN_64_TO_32_BIT_CONVERSION = YES;
				GCC_WARN_ABOUT_RETURN_TYPE = YES_ERROR;
				GCC_WARN_UNDECLARED_SELECTOR = YES;
				GCC_WARN_UNINITIALIZED_AUTOS = YES_AGGRESSIVE;
				GCC_WARN_UNUSED_FUNCTION = YES;
				GCC_WARN_UNUSED_VARIABLE = YES;
				IPHONEOS_DEPLOYMENT_TARGET = 10.2;
				MTL_ENABLE_DEBUG_INFO = NO;
				SDKROOT = iphoneos;
				SWIFT_OPTIMIZATION_LEVEL = "-Owholemodule";
				VALIDATE_PRODUCT = YES;
			};
			name = Release;
		};
		7A8FCAED1E5BDB9A003942B5 /* Debug */ = {
			isa = XCBuildConfiguration;
			buildSettings = {
				ASSETCATALOG_COMPILER_APPICON_NAME = AppIcon;
				DEVELOPMENT_TEAM = VBRK62EWB5;
				INFOPLIST_FILE = Leme/Info.plist;
				LD_RUNPATH_SEARCH_PATHS = "$(inherited) @executable_path/Frameworks";
				PRODUCT_BUNDLE_IDENTIFIER = com.le.Leme;
				PRODUCT_NAME = "$(TARGET_NAME)";
				SWIFT_VERSION = 3.0;
			};
			name = Debug;
		};
		7A8FCAEE1E5BDB9A003942B5 /* Release */ = {
			isa = XCBuildConfiguration;
			buildSettings = {
				ASSETCATALOG_COMPILER_APPICON_NAME = AppIcon;
				DEVELOPMENT_TEAM = VBRK62EWB5;
				INFOPLIST_FILE = Leme/Info.plist;
				LD_RUNPATH_SEARCH_PATHS = "$(inherited) @executable_path/Frameworks";
				PRODUCT_BUNDLE_IDENTIFIER = com.le.Leme;
				PRODUCT_NAME = "$(TARGET_NAME)";
				SWIFT_VERSION = 3.0;
			};
			name = Release;
		};
		7A8FCAF01E5BDB9A003942B5 /* Debug */ = {
			isa = XCBuildConfiguration;
			buildSettings = {
				ALWAYS_EMBED_SWIFT_STANDARD_LIBRARIES = YES;
				BUNDLE_LOADER = "$(TEST_HOST)";
				DEVELOPMENT_TEAM = VBRK62EWB5;
				INFOPLIST_FILE = LemeTests/Info.plist;
				LD_RUNPATH_SEARCH_PATHS = "$(inherited) @executable_path/Frameworks @loader_path/Frameworks";
				PRODUCT_BUNDLE_IDENTIFIER = com.le.LemeTests;
				PRODUCT_NAME = "$(TARGET_NAME)";
				SWIFT_VERSION = 3.0;
				TEST_HOST = "$(BUILT_PRODUCTS_DIR)/Leme.app/Leme";
			};
			name = Debug;
		};
		7A8FCAF11E5BDB9A003942B5 /* Release */ = {
			isa = XCBuildConfiguration;
			buildSettings = {
				ALWAYS_EMBED_SWIFT_STANDARD_LIBRARIES = YES;
				BUNDLE_LOADER = "$(TEST_HOST)";
				DEVELOPMENT_TEAM = VBRK62EWB5;
				INFOPLIST_FILE = LemeTests/Info.plist;
				LD_RUNPATH_SEARCH_PATHS = "$(inherited) @executable_path/Frameworks @loader_path/Frameworks";
				PRODUCT_BUNDLE_IDENTIFIER = com.le.LemeTests;
				PRODUCT_NAME = "$(TARGET_NAME)";
				SWIFT_VERSION = 3.0;
				TEST_HOST = "$(BUILT_PRODUCTS_DIR)/Leme.app/Leme";
			};
			name = Release;
		};
/* End XCBuildConfiguration section */

/* Begin XCConfigurationList section */
		7A8FCAC81E5BDB9A003942B5 /* Build configuration list for PBXProject "Leme" */ = {
			isa = XCConfigurationList;
			buildConfigurations = (
				7A8FCAEA1E5BDB9A003942B5 /* Debug */,
				7A8FCAEB1E5BDB9A003942B5 /* Release */,
			);
			defaultConfigurationIsVisible = 0;
			defaultConfigurationName = Release;
		};
		7A8FCAEC1E5BDB9A003942B5 /* Build configuration list for PBXNativeTarget "Leme" */ = {
			isa = XCConfigurationList;
			buildConfigurations = (
				7A8FCAED1E5BDB9A003942B5 /* Debug */,
				7A8FCAEE1E5BDB9A003942B5 /* Release */,
			);
			defaultConfigurationIsVisible = 0;
		};
		7A8FCAEF1E5BDB9A003942B5 /* Build configuration list for PBXNativeTarget "LemeTests" */ = {
			isa = XCConfigurationList;
			buildConfigurations = (
				7A8FCAF01E5BDB9A003942B5 /* Debug */,
				7A8FCAF11E5BDB9A003942B5 /* Release */,
			);
			defaultConfigurationIsVisible = 0;
		};
/* End XCConfigurationList section */
	};
	rootObject = 7A8FCAC51E5BDB9A003942B5 /* Project object */;
}
