// !$*UTF8*$!
{
	archiveVersion = 1;
	classes = {
	};
	objectVersion = 46;
	objects = {

/* Begin PBXBuildFile section */
		3C4BA3464F3D1407B9BF0649 /* Pods_Leme.framework in Frameworks */ = {isa = PBXBuildFile; fileRef = E2CBF0985F09CE1A9EB62C1D /* Pods_Leme.framework */; };
		5B22A95193B5CF2EA2D0617E /* Pods_LemeTests.framework in Frameworks */ = {isa = PBXBuildFile; fileRef = F15EB363277A7368BB88E0DC /* Pods_LemeTests.framework */; };
		7A6D623D1E6540E700D94A33 /* LemeApi.swift in Sources */ = {isa = PBXBuildFile; fileRef = 7A6D623C1E6540E700D94A33 /* LemeApi.swift */; };
		7A8FCAD11E5BDB9A003942B5 /* AppDelegate.swift in Sources */ = {isa = PBXBuildFile; fileRef = 7A8FCAD01E5BDB9A003942B5 /* AppDelegate.swift */; };
		7A8FCAD31E5BDB9A003942B5 /* FirstViewController.swift in Sources */ = {isa = PBXBuildFile; fileRef = 7A8FCAD21E5BDB9A003942B5 /* FirstViewController.swift */; };
		7A8FCAD51E5BDB9A003942B5 /* SecondViewController.swift in Sources */ = {isa = PBXBuildFile; fileRef = 7A8FCAD41E5BDB9A003942B5 /* SecondViewController.swift */; };
		7A8FCAE81E5BDB9A003942B5 /* LemeTests.swift in Sources */ = {isa = PBXBuildFile; fileRef = 7A8FCAE71E5BDB9A003942B5 /* LemeTests.swift */; };
		7AAB462B1E66A54400594257 /* SomeData.swift in Sources */ = {isa = PBXBuildFile; fileRef = 7AAB462A1E66A54400594257 /* SomeData.swift */; };
		7AD467511E66BA810095EFCE /* UIKit.framework in Frameworks */ = {isa = PBXBuildFile; fileRef = 7AD467501E66BA810095EFCE /* UIKit.framework */; };
		7AD467731E67FE300095EFCE /* RxNimble.framework in Frameworks */ = {isa = PBXBuildFile; fileRef = 7AD467721E67FE300095EFCE /* RxNimble.framework */; };
		7AD468C61E686ED20095EFCE /* Assets.xcassets in Resources */ = {isa = PBXBuildFile; fileRef = 7AD468BF1E686ED20095EFCE /* Assets.xcassets */; };
		7AD468C71E686ED20095EFCE /* LaunchScreen.storyboard in Resources */ = {isa = PBXBuildFile; fileRef = 7AD468C01E686ED20095EFCE /* LaunchScreen.storyboard */; };
		7AD468C81E686ED20095EFCE /* Main.storyboard in Resources */ = {isa = PBXBuildFile; fileRef = 7AD468C21E686ED20095EFCE /* Main.storyboard */; };
		7AD468C91E686ED20095EFCE /* Info.plist in Resources */ = {isa = PBXBuildFile; fileRef = 7AD468C41E686ED20095EFCE /* Info.plist */; };
		7AD469691E6E51340095EFCE /* LemallSDK.a in Frameworks */ = {isa = PBXBuildFile; fileRef = 7AD469471E6E51340095EFCE /* LemallSDK.a */; };
		7AD4696A1E6E51340095EFCE /* lemallSDK.bundle in Resources */ = {isa = PBXBuildFile; fileRef = 7AD469481E6E51340095EFCE /* lemallSDK.bundle */; };
		7AD4696B1E6E51340095EFCE /* AlipaySDK.bundle in Resources */ = {isa = PBXBuildFile; fileRef = 7AD4694D1E6E51340095EFCE /* AlipaySDK.bundle */; };
		7AD4696C1E6E51340095EFCE /* AlipaySDK.framework in Frameworks */ = {isa = PBXBuildFile; fileRef = 7AD4694E1E6E51340095EFCE /* AlipaySDK.framework */; };
		7AD4696D1E6E51340095EFCE /* libagnestracker.a in Frameworks */ = {isa = PBXBuildFile; fileRef = 7AD4695B1E6E51340095EFCE /* libagnestracker.a */; };
		7AD4696E1E6E51340095EFCE /* libprotobuf.a in Frameworks */ = {isa = PBXBuildFile; fileRef = 7AD4695C1E6E51340095EFCE /* libprotobuf.a */; };
		7AD4696F1E6E51340095EFCE /* libPaymentControl.a in Frameworks */ = {isa = PBXBuildFile; fileRef = 7AD4695E1E6E51340095EFCE /* libPaymentControl.a */; };
		7AD469701E6E51340095EFCE /* libWeChatSDK.a in Frameworks */ = {isa = PBXBuildFile; fileRef = 7AD469611E6E51340095EFCE /* libWeChatSDK.a */; };
		7AD469711E6E51340095EFCE /* LepaySDK.bundle in Resources */ = {isa = PBXBuildFile; fileRef = 7AD469641E6E51340095EFCE /* LepaySDK.bundle */; };
		7AD469721E6E51340095EFCE /* libLepaySDK.a in Frameworks */ = {isa = PBXBuildFile; fileRef = 7AD469661E6E51340095EFCE /* libLepaySDK.a */; };
		7AD4697B1E6E519B0095EFCE /* liblibBLE.a in Frameworks */ = {isa = PBXBuildFile; fileRef = 7AD469771E6E519B0095EFCE /* liblibBLE.a */; };
		7ADD8D9B1E5C5900004FBC28 /* main.swift in Sources */ = {isa = PBXBuildFile; fileRef = 7ADD8D9A1E5C5900004FBC28 /* main.swift */; };
		7AEAF98D1E5EE71100712D96 /* LemallHelper.m in Sources */ = {isa = PBXBuildFile; fileRef = 7AEAF98C1E5EE71100712D96 /* LemallHelper.m */; };
		7AEF534E1E5EC8AF0040D9E5 /* CFNetwork.framework in Frameworks */ = {isa = PBXBuildFile; fileRef = 7AEF534D1E5EC8AF0040D9E5 /* CFNetwork.framework */; };
		7AEF53501E5EC8BA0040D9E5 /* SystemConfiguration.framework in Frameworks */ = {isa = PBXBuildFile; fileRef = 7AEF534F1E5EC8BA0040D9E5 /* SystemConfiguration.framework */; };
		7AEF53521E5EC8C30040D9E5 /* Security.framework in Frameworks */ = {isa = PBXBuildFile; fileRef = 7AEF53511E5EC8C30040D9E5 /* Security.framework */; };
		7AEF53541E5EC8D00040D9E5 /* libc++.tbd in Frameworks */ = {isa = PBXBuildFile; fileRef = 7AEF53531E5EC8D00040D9E5 /* libc++.tbd */; };
		7AEF53561E5EC8E00040D9E5 /* libsqlite3.0.tbd in Frameworks */ = {isa = PBXBuildFile; fileRef = 7AEF53551E5EC8E00040D9E5 /* libsqlite3.0.tbd */; };
		7AEF53581E5EC8EC0040D9E5 /* CoreTelephony.framework in Frameworks */ = {isa = PBXBuildFile; fileRef = 7AEF53571E5EC8EC0040D9E5 /* CoreTelephony.framework */; };
		7AEF535A1E5EC8F30040D9E5 /* CoreGraphics.framework in Frameworks */ = {isa = PBXBuildFile; fileRef = 7AEF53591E5EC8F30040D9E5 /* CoreGraphics.framework */; };
		7AEF535C1E5EC8FC0040D9E5 /* CoreMotion.framework in Frameworks */ = {isa = PBXBuildFile; fileRef = 7AEF535B1E5EC8FC0040D9E5 /* CoreMotion.framework */; };
		7AEF535E1E5EC9040040D9E5 /* JavaScriptCore.framework in Frameworks */ = {isa = PBXBuildFile; fileRef = 7AEF535D1E5EC9040040D9E5 /* JavaScriptCore.framework */; };
		7AEF53611E5EDC960040D9E5 /* libz.tbd in Frameworks */ = {isa = PBXBuildFile; fileRef = 7AEF535F1E5ECBAB0040D9E5 /* libz.tbd */; };
/* End PBXBuildFile section */

/* Begin PBXContainerItemProxy section */
		7A8FCAE41E5BDB9A003942B5 /* PBXContainerItemProxy */ = {
			isa = PBXContainerItemProxy;
			containerPortal = 7A8FCAC51E5BDB9A003942B5 /* Project object */;
			proxyType = 1;
			remoteGlobalIDString = 7A8FCACC1E5BDB9A003942B5;
			remoteInfo = Leme;
		};
/* End PBXContainerItemProxy section */

/* Begin PBXFileReference section */
		7A6D623C1E6540E700D94A33 /* LemeApi.swift */ = {isa = PBXFileReference; fileEncoding = 4; lastKnownFileType = sourcecode.swift; path = LemeApi.swift; sourceTree = "<group>"; };
		7A8FCACD1E5BDB9A003942B5 /* Leme.app */ = {isa = PBXFileReference; explicitFileType = wrapper.application; includeInIndex = 0; path = Leme.app; sourceTree = BUILT_PRODUCTS_DIR; };
		7A8FCAD01E5BDB9A003942B5 /* AppDelegate.swift */ = {isa = PBXFileReference; lastKnownFileType = sourcecode.swift; path = AppDelegate.swift; sourceTree = "<group>"; };
		7A8FCAD21E5BDB9A003942B5 /* FirstViewController.swift */ = {isa = PBXFileReference; lastKnownFileType = sourcecode.swift; path = FirstViewController.swift; sourceTree = "<group>"; };
		7A8FCAD41E5BDB9A003942B5 /* SecondViewController.swift */ = {isa = PBXFileReference; lastKnownFileType = sourcecode.swift; path = SecondViewController.swift; sourceTree = "<group>"; };
		7A8FCAE31E5BDB9A003942B5 /* LemeTests.xctest */ = {isa = PBXFileReference; explicitFileType = wrapper.cfbundle; includeInIndex = 0; path = LemeTests.xctest; sourceTree = BUILT_PRODUCTS_DIR; };
		7A8FCAE71E5BDB9A003942B5 /* LemeTests.swift */ = {isa = PBXFileReference; lastKnownFileType = sourcecode.swift; path = LemeTests.swift; sourceTree = "<group>"; };
		7A8FCAE91E5BDB9A003942B5 /* Info.plist */ = {isa = PBXFileReference; lastKnownFileType = text.plist.xml; path = Info.plist; sourceTree = "<group>"; };
		7AAB462A1E66A54400594257 /* SomeData.swift */ = {isa = PBXFileReference; fileEncoding = 4; lastKnownFileType = sourcecode.swift; path = SomeData.swift; sourceTree = "<group>"; };
		7AD467501E66BA810095EFCE /* UIKit.framework */ = {isa = PBXFileReference; lastKnownFileType = wrapper.framework; name = UIKit.framework; path = System/Library/Frameworks/UIKit.framework; sourceTree = SDKROOT; };
		7AD467721E67FE300095EFCE /* RxNimble.framework */ = {isa = PBXFileReference; lastKnownFileType = wrapper.framework; name = RxNimble.framework; path = "../../Library/Developer/Xcode/DerivedData/Leme-hgmaxbhrflnypkcqwxxwxcljlriq/Build/Products/Debug-iphonesimulator/RxNimble/RxNimble.framework"; sourceTree = "<group>"; };
		7AD468BF1E686ED20095EFCE /* Assets.xcassets */ = {isa = PBXFileReference; lastKnownFileType = folder.assetcatalog; path = Assets.xcassets; sourceTree = "<group>"; };
		7AD468C11E686ED20095EFCE /* Base */ = {isa = PBXFileReference; lastKnownFileType = file.storyboard; name = Base; path = Base.lproj/LaunchScreen.storyboard; sourceTree = "<group>"; };
		7AD468C31E686ED20095EFCE /* Base */ = {isa = PBXFileReference; lastKnownFileType = file.storyboard; name = Base; path = Base.lproj/Main.storyboard; sourceTree = "<group>"; };
		7AD468C41E686ED20095EFCE /* Info.plist */ = {isa = PBXFileReference; fileEncoding = 4; lastKnownFileType = text.plist.xml; path = Info.plist; sourceTree = "<group>"; };
		7AD468C51E686ED20095EFCE /* Leme-Bridging-Header.h */ = {isa = PBXFileReference; fileEncoding = 4; lastKnownFileType = sourcecode.c.h; path = "Leme-Bridging-Header.h"; sourceTree = "<group>"; };
		7AD469471E6E51340095EFCE /* LemallSDK.a */ = {isa = PBXFileReference; lastKnownFileType = archive.ar; path = LemallSDK.a; sourceTree = "<group>"; };
		7AD469481E6E51340095EFCE /* lemallSDK.bundle */ = {isa = PBXFileReference; lastKnownFileType = "wrapper.plug-in"; path = lemallSDK.bundle; sourceTree = "<group>"; };
		7AD469491E6E51340095EFCE /* LemallSDK.h */ = {isa = PBXFileReference; fileEncoding = 4; lastKnownFileType = sourcecode.c.h; path = LemallSDK.h; sourceTree = "<group>"; };
		7AD4694D1E6E51340095EFCE /* AlipaySDK.bundle */ = {isa = PBXFileReference; lastKnownFileType = "wrapper.plug-in"; path = AlipaySDK.bundle; sourceTree = "<group>"; };
		7AD4694E1E6E51340095EFCE /* AlipaySDK.framework */ = {isa = PBXFileReference; lastKnownFileType = wrapper.framework; path = AlipaySDK.framework; sourceTree = "<group>"; };
		7AD469511E6E51340095EFCE /* Agnes.h */ = {isa = PBXFileReference; fileEncoding = 4; lastKnownFileType = sourcecode.c.h; path = Agnes.h; sourceTree = "<group>"; };
		7AD469521E6E51340095EFCE /* AGS_Action.h */ = {isa = PBXFileReference; fileEncoding = 4; lastKnownFileType = sourcecode.c.h; path = AGS_Action.h; sourceTree = "<group>"; };
		7AD469531E6E51340095EFCE /* AGS_App.h */ = {isa = PBXFileReference; fileEncoding = 4; lastKnownFileType = sourcecode.c.h; path = AGS_App.h; sourceTree = "<group>"; };
		7AD469541E6E51340095EFCE /* AGS_Batch.h */ = {isa = PBXFileReference; fileEncoding = 4; lastKnownFileType = sourcecode.c.h; path = AGS_Batch.h; sourceTree = "<group>"; };
		7AD469551E6E51340095EFCE /* AGS_Enums.h */ = {isa = PBXFileReference; fileEncoding = 4; lastKnownFileType = sourcecode.c.h; path = AGS_Enums.h; sourceTree = "<group>"; };
		7AD469561E6E51340095EFCE /* AGS_Event.h */ = {isa = PBXFileReference; fileEncoding = 4; lastKnownFileType = sourcecode.c.h; path = AGS_Event.h; sourceTree = "<group>"; };
		7AD469571E6E51340095EFCE /* AGS_MusicPlay.h */ = {isa = PBXFileReference; fileEncoding = 4; lastKnownFileType = sourcecode.c.h; path = AGS_MusicPlay.h; sourceTree = "<group>"; };
		7AD469581E6E51340095EFCE /* AGS_Ver.h */ = {isa = PBXFileReference; fileEncoding = 4; lastKnownFileType = sourcecode.c.h; path = AGS_Ver.h; sourceTree = "<group>"; };
		7AD469591E6E51340095EFCE /* AGS_VideoPlay.h */ = {isa = PBXFileReference; fileEncoding = 4; lastKnownFileType = sourcecode.c.h; path = AGS_VideoPlay.h; sourceTree = "<group>"; };
		7AD4695A1E6E51340095EFCE /* AGS_Widget.h */ = {isa = PBXFileReference; fileEncoding = 4; lastKnownFileType = sourcecode.c.h; path = AGS_Widget.h; sourceTree = "<group>"; };
		7AD4695B1E6E51340095EFCE /* libagnestracker.a */ = {isa = PBXFileReference; lastKnownFileType = archive.ar; path = libagnestracker.a; sourceTree = "<group>"; };
		7AD4695C1E6E51340095EFCE /* libprotobuf.a */ = {isa = PBXFileReference; lastKnownFileType = archive.ar; path = libprotobuf.a; sourceTree = "<group>"; };
		7AD4695E1E6E51340095EFCE /* libPaymentControl.a */ = {isa = PBXFileReference; lastKnownFileType = archive.ar; path = libPaymentControl.a; sourceTree = "<group>"; };
		7AD4695F1E6E51340095EFCE /* UPPaymentControl.h */ = {isa = PBXFileReference; fileEncoding = 4; lastKnownFileType = sourcecode.c.h; path = UPPaymentControl.h; sourceTree = "<group>"; };
		7AD469611E6E51340095EFCE /* libWeChatSDK.a */ = {isa = PBXFileReference; lastKnownFileType = archive.ar; path = libWeChatSDK.a; sourceTree = "<group>"; };
		7AD469621E6E51340095EFCE /* WXApi.h */ = {isa = PBXFileReference; fileEncoding = 4; lastKnownFileType = sourcecode.c.h; path = WXApi.h; sourceTree = "<group>"; };
		7AD469631E6E51340095EFCE /* WXApiObject.h */ = {isa = PBXFileReference; fileEncoding = 4; lastKnownFileType = sourcecode.c.h; path = WXApiObject.h; sourceTree = "<group>"; };
		7AD469641E6E51340095EFCE /* LepaySDK.bundle */ = {isa = PBXFileReference; lastKnownFileType = "wrapper.plug-in"; path = LepaySDK.bundle; sourceTree = "<group>"; };
		7AD469651E6E51340095EFCE /* LepaySDK.h */ = {isa = PBXFileReference; fileEncoding = 4; lastKnownFileType = sourcecode.c.h; path = LepaySDK.h; sourceTree = "<group>"; };
		7AD469661E6E51340095EFCE /* libLepaySDK.a */ = {isa = PBXFileReference; lastKnownFileType = archive.ar; path = libLepaySDK.a; sourceTree = "<group>"; };
		7AD469671E6E51340095EFCE /* LPSLepayBaseModel.h */ = {isa = PBXFileReference; fileEncoding = 4; lastKnownFileType = sourcecode.c.h; path = LPSLepayBaseModel.h; sourceTree = "<group>"; };
		7AD469681E6E51340095EFCE /* LPSLepayIapProductModel.h */ = {isa = PBXFileReference; fileEncoding = 4; lastKnownFileType = sourcecode.c.h; path = LPSLepayIapProductModel.h; sourceTree = "<group>"; };
		7AD469741E6E519B0095EFCE /* BodyMeasure.h */ = {isa = PBXFileReference; fileEncoding = 4; lastKnownFileType = sourcecode.c.h; path = BodyMeasure.h; sourceTree = "<group>"; };
		7AD469751E6E519B0095EFCE /* CBPeripheralAdditions.h */ = {isa = PBXFileReference; fileEncoding = 4; lastKnownFileType = sourcecode.c.h; path = CBPeripheralAdditions.h; sourceTree = "<group>"; };
		7AD469761E6E519B0095EFCE /* HistoryWater.h */ = {isa = PBXFileReference; fileEncoding = 4; lastKnownFileType = sourcecode.c.h; path = HistoryWater.h; sourceTree = "<group>"; };
		7AD469771E6E519B0095EFCE /* liblibBLE.a */ = {isa = PBXFileReference; lastKnownFileType = archive.ar; path = liblibBLE.a; sourceTree = "<group>"; };
		7AD469781E6E519B0095EFCE /* SSBLEDevice.h */ = {isa = PBXFileReference; fileEncoding = 4; lastKnownFileType = sourcecode.c.h; path = SSBLEDevice.h; sourceTree = "<group>"; };
		7AD469791E6E519B0095EFCE /* SSBLEDeviceManager.h */ = {isa = PBXFileReference; fileEncoding = 4; lastKnownFileType = sourcecode.c.h; path = SSBLEDeviceManager.h; sourceTree = "<group>"; };
		7AD4697A1E6E519B0095EFCE /* SSBLEReadWriteData.h */ = {isa = PBXFileReference; fileEncoding = 4; lastKnownFileType = sourcecode.c.h; path = SSBLEReadWriteData.h; sourceTree = "<group>"; };
		7ADD8D9A1E5C5900004FBC28 /* main.swift */ = {isa = PBXFileReference; fileEncoding = 4; lastKnownFileType = sourcecode.swift; path = main.swift; sourceTree = "<group>"; };
		7AEAF98B1E5EE71100712D96 /* LemallHelper.h */ = {isa = PBXFileReference; fileEncoding = 4; lastKnownFileType = sourcecode.c.h; path = LemallHelper.h; sourceTree = "<group>"; };
		7AEAF98C1E5EE71100712D96 /* LemallHelper.m */ = {isa = PBXFileReference; fileEncoding = 4; lastKnownFileType = sourcecode.c.objc; path = LemallHelper.m; sourceTree = "<group>"; };
		7AEF534D1E5EC8AF0040D9E5 /* CFNetwork.framework */ = {isa = PBXFileReference; lastKnownFileType = wrapper.framework; name = CFNetwork.framework; path = System/Library/Frameworks/CFNetwork.framework; sourceTree = SDKROOT; };
		7AEF534F1E5EC8BA0040D9E5 /* SystemConfiguration.framework */ = {isa = PBXFileReference; lastKnownFileType = wrapper.framework; name = SystemConfiguration.framework; path = System/Library/Frameworks/SystemConfiguration.framework; sourceTree = SDKROOT; };
		7AEF53511E5EC8C30040D9E5 /* Security.framework */ = {isa = PBXFileReference; lastKnownFileType = wrapper.framework; name = Security.framework; path = System/Library/Frameworks/Security.framework; sourceTree = SDKROOT; };
		7AEF53531E5EC8D00040D9E5 /* libc++.tbd */ = {isa = PBXFileReference; lastKnownFileType = "sourcecode.text-based-dylib-definition"; name = "libc++.tbd"; path = "usr/lib/libc++.tbd"; sourceTree = SDKROOT; };
		7AEF53551E5EC8E00040D9E5 /* libsqlite3.0.tbd */ = {isa = PBXFileReference; lastKnownFileType = "sourcecode.text-based-dylib-definition"; name = libsqlite3.0.tbd; path = usr/lib/libsqlite3.0.tbd; sourceTree = SDKROOT; };
		7AEF53571E5EC8EC0040D9E5 /* CoreTelephony.framework */ = {isa = PBXFileReference; lastKnownFileType = wrapper.framework; name = CoreTelephony.framework; path = System/Library/Frameworks/CoreTelephony.framework; sourceTree = SDKROOT; };
		7AEF53591E5EC8F30040D9E5 /* CoreGraphics.framework */ = {isa = PBXFileReference; lastKnownFileType = wrapper.framework; name = CoreGraphics.framework; path = System/Library/Frameworks/CoreGraphics.framework; sourceTree = SDKROOT; };
		7AEF535B1E5EC8FC0040D9E5 /* CoreMotion.framework */ = {isa = PBXFileReference; lastKnownFileType = wrapper.framework; name = CoreMotion.framework; path = System/Library/Frameworks/CoreMotion.framework; sourceTree = SDKROOT; };
		7AEF535D1E5EC9040040D9E5 /* JavaScriptCore.framework */ = {isa = PBXFileReference; lastKnownFileType = wrapper.framework; name = JavaScriptCore.framework; path = System/Library/Frameworks/JavaScriptCore.framework; sourceTree = SDKROOT; };
		7AEF535F1E5ECBAB0040D9E5 /* libz.tbd */ = {isa = PBXFileReference; lastKnownFileType = "sourcecode.text-based-dylib-definition"; name = libz.tbd; path = usr/lib/libz.tbd; sourceTree = SDKROOT; };
		9573DA0DCBC772CD8759C199 /* Pods-LemeTests.release.xcconfig */ = {isa = PBXFileReference; includeInIndex = 1; lastKnownFileType = text.xcconfig; name = "Pods-LemeTests.release.xcconfig"; path = "Pods/Target Support Files/Pods-LemeTests/Pods-LemeTests.release.xcconfig"; sourceTree = "<group>"; };
		9FB8881830E6E9613203CCE9 /* Pods-LemeTests.debug.xcconfig */ = {isa = PBXFileReference; includeInIndex = 1; lastKnownFileType = text.xcconfig; name = "Pods-LemeTests.debug.xcconfig"; path = "Pods/Target Support Files/Pods-LemeTests/Pods-LemeTests.debug.xcconfig"; sourceTree = "<group>"; };
		A31FBD00AD55F6193DF17205 /* Pods-Leme.release.xcconfig */ = {isa = PBXFileReference; includeInIndex = 1; lastKnownFileType = text.xcconfig; name = "Pods-Leme.release.xcconfig"; path = "Pods/Target Support Files/Pods-Leme/Pods-Leme.release.xcconfig"; sourceTree = "<group>"; };
		BED748586794CF77236E344C /* Pods-Leme.debug.xcconfig */ = {isa = PBXFileReference; includeInIndex = 1; lastKnownFileType = text.xcconfig; name = "Pods-Leme.debug.xcconfig"; path = "Pods/Target Support Files/Pods-Leme/Pods-Leme.debug.xcconfig"; sourceTree = "<group>"; };
		E2CBF0985F09CE1A9EB62C1D /* Pods_Leme.framework */ = {isa = PBXFileReference; explicitFileType = wrapper.framework; includeInIndex = 0; path = Pods_Leme.framework; sourceTree = BUILT_PRODUCTS_DIR; };
		F15EB363277A7368BB88E0DC /* Pods_LemeTests.framework */ = {isa = PBXFileReference; explicitFileType = wrapper.framework; includeInIndex = 0; path = Pods_LemeTests.framework; sourceTree = BUILT_PRODUCTS_DIR; };
/* End PBXFileReference section */

/* Begin PBXFrameworksBuildPhase section */
		7A8FCACA1E5BDB9A003942B5 /* Frameworks */ = {
			isa = PBXFrameworksBuildPhase;
			buildActionMask = 2147483647;
			files = (
				7AD467511E66BA810095EFCE /* UIKit.framework in Frameworks */,
				7AEF53611E5EDC960040D9E5 /* libz.tbd in Frameworks */,
				7AD469701E6E51340095EFCE /* libWeChatSDK.a in Frameworks */,
				7AEF535E1E5EC9040040D9E5 /* JavaScriptCore.framework in Frameworks */,
				7AD4696E1E6E51340095EFCE /* libprotobuf.a in Frameworks */,
				7AEF535A1E5EC8F30040D9E5 /* CoreGraphics.framework in Frameworks */,
				7AD4697B1E6E519B0095EFCE /* liblibBLE.a in Frameworks */,
				7AEF53581E5EC8EC0040D9E5 /* CoreTelephony.framework in Frameworks */,
				7AD469691E6E51340095EFCE /* LemallSDK.a in Frameworks */,
				7AEF535C1E5EC8FC0040D9E5 /* CoreMotion.framework in Frameworks */,
				7AD4696C1E6E51340095EFCE /* AlipaySDK.framework in Frameworks */,
				7AEF53561E5EC8E00040D9E5 /* libsqlite3.0.tbd in Frameworks */,
				7AD4696D1E6E51340095EFCE /* libagnestracker.a in Frameworks */,
				7AD469721E6E51340095EFCE /* libLepaySDK.a in Frameworks */,
				7AEF53541E5EC8D00040D9E5 /* libc++.tbd in Frameworks */,
				7AEF53521E5EC8C30040D9E5 /* Security.framework in Frameworks */,
				7AEF53501E5EC8BA0040D9E5 /* SystemConfiguration.framework in Frameworks */,
				7AEF534E1E5EC8AF0040D9E5 /* CFNetwork.framework in Frameworks */,
				3C4BA3464F3D1407B9BF0649 /* Pods_Leme.framework in Frameworks */,
				7AD4696F1E6E51340095EFCE /* libPaymentControl.a in Frameworks */,
			);
			runOnlyForDeploymentPostprocessing = 0;
		};
		7A8FCAE01E5BDB9A003942B5 /* Frameworks */ = {
			isa = PBXFrameworksBuildPhase;
			buildActionMask = 2147483647;
			files = (
				7AD467731E67FE300095EFCE /* RxNimble.framework in Frameworks */,
				5B22A95193B5CF2EA2D0617E /* Pods_LemeTests.framework in Frameworks */,
			);
			runOnlyForDeploymentPostprocessing = 0;
		};
/* End PBXFrameworksBuildPhase section */

/* Begin PBXGroup section */
		7A8FCAC41E5BDB9A003942B5 = {
			isa = PBXGroup;
			children = (
				7A8FCACF1E5BDB9A003942B5 /* Leme */,
				7AAC73B61E5FF96B00D66577 /* General */,
				7AAC73B51E5FF95D00D66577 /* Sections */,
				7AEAF98A1E5EE6ED00712D96 /* Helpers */,
				7AD468BE1E686ED20095EFCE /* Resources */,
				7AEF53301E5EC8620040D9E5 /* Vendors */,
				CE4AC68C98BBDFC4132DEF61 /* Frameworks */,
				7A8FCAE61E5BDB9A003942B5 /* LemeTests */,
				7A8FCACE1E5BDB9A003942B5 /* Products */,
				F4084B96F723E17F11D3273F /* Pods */,
			);
			sourceTree = "<group>";
		};
		7A8FCACE1E5BDB9A003942B5 /* Products */ = {
			isa = PBXGroup;
			children = (
				7A8FCACD1E5BDB9A003942B5 /* Leme.app */,
				7A8FCAE31E5BDB9A003942B5 /* LemeTests.xctest */,
			);
			name = Products;
			sourceTree = "<group>";
		};
		7A8FCACF1E5BDB9A003942B5 /* Leme */ = {
			isa = PBXGroup;
			children = (
				7ADD8D9A1E5C5900004FBC28 /* main.swift */,
				7A8FCAD01E5BDB9A003942B5 /* AppDelegate.swift */,
				7A8FCAD21E5BDB9A003942B5 /* FirstViewController.swift */,
				7A8FCAD41E5BDB9A003942B5 /* SecondViewController.swift */,
			);
			path = Leme;
			sourceTree = "<group>";
		};
		7A8FCAE61E5BDB9A003942B5 /* LemeTests */ = {
			isa = PBXGroup;
			children = (
				7A8FCAE71E5BDB9A003942B5 /* LemeTests.swift */,
				7A8FCAE91E5BDB9A003942B5 /* Info.plist */,
			);
			path = LemeTests;
			sourceTree = "<group>";
		};
		7AAB46291E66A53900594257 /* DataSources */ = {
			isa = PBXGroup;
			children = (
				7AAB462A1E66A54400594257 /* SomeData.swift */,
			);
			path = DataSources;
			sourceTree = "<group>";
		};
		7AAC73B51E5FF95D00D66577 /* Sections */ = {
			isa = PBXGroup;
			children = (
				7AAC73B71E5FF9AF00D66577 /* Bind */,
			);
			path = Sections;
			sourceTree = "<group>";
		};
		7AAC73B61E5FF96B00D66577 /* General */ = {
			isa = PBXGroup;
			children = (
				7A6D623C1E6540E700D94A33 /* LemeApi.swift */,
				7AAB46291E66A53900594257 /* DataSources */,
			);
			path = General;
			sourceTree = "<group>";
		};
		7AAC73B71E5FF9AF00D66577 /* Bind */ = {
			isa = PBXGroup;
			children = (
			);
			name = Bind;
			path = BindViewController;
			sourceTree = "<group>";
		};
		7AD468BE1E686ED20095EFCE /* Resources */ = {
			isa = PBXGroup;
			children = (
				7AD468BF1E686ED20095EFCE /* Assets.xcassets */,
				7AD468C01E686ED20095EFCE /* LaunchScreen.storyboard */,
				7AD468C21E686ED20095EFCE /* Main.storyboard */,
				7AD468C41E686ED20095EFCE /* Info.plist */,
				7AD468C51E686ED20095EFCE /* Leme-Bridging-Header.h */,
			);
			path = Resources;
			sourceTree = "<group>";
		};
		7AD469461E6E51340095EFCE /* LemallSdk1.5 */ = {
			isa = PBXGroup;
			children = (
				7AD469471E6E51340095EFCE /* LemallSDK.a */,
				7AD469481E6E51340095EFCE /* lemallSDK.bundle */,
				7AD469491E6E51340095EFCE /* LemallSDK.h */,
				7AD4694A1E6E51340095EFCE /* LepaySDK */,
			);
			path = LemallSdk1.5;
			sourceTree = "<group>";
		};
		7AD4694A1E6E51340095EFCE /* LepaySDK */ = {
			isa = PBXGroup;
			children = (
				7AD4694B1E6E51340095EFCE /* 3rdSDK */,
				7AD469641E6E51340095EFCE /* LepaySDK.bundle */,
				7AD469651E6E51340095EFCE /* LepaySDK.h */,
				7AD469661E6E51340095EFCE /* libLepaySDK.a */,
				7AD469671E6E51340095EFCE /* LPSLepayBaseModel.h */,
				7AD469681E6E51340095EFCE /* LPSLepayIapProductModel.h */,
			);
			path = LepaySDK;
			sourceTree = "<group>";
		};
		7AD4694B1E6E51340095EFCE /* 3rdSDK */ = {
			isa = PBXGroup;
			children = (
				7AD4694C1E6E51340095EFCE /* AliPay */,
				7AD4694F1E6E51340095EFCE /* letracker */,
				7AD4695D1E6E51340095EFCE /* uppay */,
				7AD469601E6E51340095EFCE /* wxpay */,
			);
			path = 3rdSDK;
			sourceTree = "<group>";
		};
		7AD4694C1E6E51340095EFCE /* AliPay */ = {
			isa = PBXGroup;
			children = (
				7AD4694D1E6E51340095EFCE /* AlipaySDK.bundle */,
				7AD4694E1E6E51340095EFCE /* AlipaySDK.framework */,
			);
			path = AliPay;
			sourceTree = "<group>";
		};
		7AD4694F1E6E51340095EFCE /* letracker */ = {
			isa = PBXGroup;
			children = (
				7AD469501E6E51340095EFCE /* agnes_inc */,
				7AD4695B1E6E51340095EFCE /* libagnestracker.a */,
				7AD4695C1E6E51340095EFCE /* libprotobuf.a */,
			);
			path = letracker;
			sourceTree = "<group>";
		};
		7AD469501E6E51340095EFCE /* agnes_inc */ = {
			isa = PBXGroup;
			children = (
				7AD469511E6E51340095EFCE /* Agnes.h */,
				7AD469521E6E51340095EFCE /* AGS_Action.h */,
				7AD469531E6E51340095EFCE /* AGS_App.h */,
				7AD469541E6E51340095EFCE /* AGS_Batch.h */,
				7AD469551E6E51340095EFCE /* AGS_Enums.h */,
				7AD469561E6E51340095EFCE /* AGS_Event.h */,
				7AD469571E6E51340095EFCE /* AGS_MusicPlay.h */,
				7AD469581E6E51340095EFCE /* AGS_Ver.h */,
				7AD469591E6E51340095EFCE /* AGS_VideoPlay.h */,
				7AD4695A1E6E51340095EFCE /* AGS_Widget.h */,
			);
			path = agnes_inc;
			sourceTree = "<group>";
		};
		7AD4695D1E6E51340095EFCE /* uppay */ = {
			isa = PBXGroup;
			children = (
				7AD4695E1E6E51340095EFCE /* libPaymentControl.a */,
				7AD4695F1E6E51340095EFCE /* UPPaymentControl.h */,
			);
			path = uppay;
			sourceTree = "<group>";
		};
		7AD469601E6E51340095EFCE /* wxpay */ = {
			isa = PBXGroup;
			children = (
				7AD469611E6E51340095EFCE /* libWeChatSDK.a */,
				7AD469621E6E51340095EFCE /* WXApi.h */,
				7AD469631E6E51340095EFCE /* WXApiObject.h */,
			);
			path = wxpay;
			sourceTree = "<group>";
		};
		7AD469731E6E519B0095EFCE /* XiangShanBLE */ = {
			isa = PBXGroup;
			children = (
				7AD469741E6E519B0095EFCE /* BodyMeasure.h */,
				7AD469751E6E519B0095EFCE /* CBPeripheralAdditions.h */,
				7AD469761E6E519B0095EFCE /* HistoryWater.h */,
				7AD469771E6E519B0095EFCE /* liblibBLE.a */,
				7AD469781E6E519B0095EFCE /* SSBLEDevice.h */,
				7AD469791E6E519B0095EFCE /* SSBLEDeviceManager.h */,
				7AD4697A1E6E519B0095EFCE /* SSBLEReadWriteData.h */,
			);
			path = XiangShanBLE;
			sourceTree = "<group>";
		};
		7AEAF98A1E5EE6ED00712D96 /* Helpers */ = {
			isa = PBXGroup;
			children = (
				7AEAF98B1E5EE71100712D96 /* LemallHelper.h */,
				7AEAF98C1E5EE71100712D96 /* LemallHelper.m */,
			);
			path = Helpers;
			sourceTree = "<group>";
		};
		7AEF53301E5EC8620040D9E5 /* Vendors */ = {
			isa = PBXGroup;
			children = (
				7AD469731E6E519B0095EFCE /* XiangShanBLE */,
				7AD469461E6E51340095EFCE /* LemallSdk1.5 */,
			);
			path = Vendors;
			sourceTree = "<group>";
		};
		CE4AC68C98BBDFC4132DEF61 /* Frameworks */ = {
			isa = PBXGroup;
			children = (
				7AD467721E67FE300095EFCE /* RxNimble.framework */,
				7AD467501E66BA810095EFCE /* UIKit.framework */,
				7AEF535F1E5ECBAB0040D9E5 /* libz.tbd */,
				7AEF535D1E5EC9040040D9E5 /* JavaScriptCore.framework */,
				7AEF535B1E5EC8FC0040D9E5 /* CoreMotion.framework */,
				7AEF53591E5EC8F30040D9E5 /* CoreGraphics.framework */,
				7AEF53571E5EC8EC0040D9E5 /* CoreTelephony.framework */,
				7AEF53551E5EC8E00040D9E5 /* libsqlite3.0.tbd */,
				7AEF53531E5EC8D00040D9E5 /* libc++.tbd */,
				7AEF53511E5EC8C30040D9E5 /* Security.framework */,
				7AEF534F1E5EC8BA0040D9E5 /* SystemConfiguration.framework */,
				7AEF534D1E5EC8AF0040D9E5 /* CFNetwork.framework */,
				E2CBF0985F09CE1A9EB62C1D /* Pods_Leme.framework */,
				F15EB363277A7368BB88E0DC /* Pods_LemeTests.framework */,
			);
			name = Frameworks;
			sourceTree = "<group>";
		};
		F4084B96F723E17F11D3273F /* Pods */ = {
			isa = PBXGroup;
			children = (
				BED748586794CF77236E344C /* Pods-Leme.debug.xcconfig */,
				A31FBD00AD55F6193DF17205 /* Pods-Leme.release.xcconfig */,
				9FB8881830E6E9613203CCE9 /* Pods-LemeTests.debug.xcconfig */,
				9573DA0DCBC772CD8759C199 /* Pods-LemeTests.release.xcconfig */,
			);
			name = Pods;
			sourceTree = "<group>";
		};
/* End PBXGroup section */

/* Begin PBXNativeTarget section */
		7A8FCACC1E5BDB9A003942B5 /* Leme */ = {
			isa = PBXNativeTarget;
			buildConfigurationList = 7A8FCAEC1E5BDB9A003942B5 /* Build configuration list for PBXNativeTarget "Leme" */;
			buildPhases = (
				BF8DB43D54AB1178B136266B /* [CP] Check Pods Manifest.lock */,
				7A8FCAC91E5BDB9A003942B5 /* Sources */,
				7A8FCACA1E5BDB9A003942B5 /* Frameworks */,
				7A8FCACB1E5BDB9A003942B5 /* Resources */,
				5E505E31F6B9C676C82E1CF8 /* [CP] Embed Pods Frameworks */,
				7DF206B31E409A3481ABC080 /* [CP] Copy Pods Resources */,
			);
			buildRules = (
			);
			dependencies = (
			);
			name = Leme;
			productName = Leme;
			productReference = 7A8FCACD1E5BDB9A003942B5 /* Leme.app */;
			productType = "com.apple.product-type.application";
		};
		7A8FCAE21E5BDB9A003942B5 /* LemeTests */ = {
			isa = PBXNativeTarget;
			buildConfigurationList = 7A8FCAEF1E5BDB9A003942B5 /* Build configuration list for PBXNativeTarget "LemeTests" */;
			buildPhases = (
				804C6B0C867CDCCE08838861 /* [CP] Check Pods Manifest.lock */,
				7A8FCADF1E5BDB9A003942B5 /* Sources */,
				7A8FCAE01E5BDB9A003942B5 /* Frameworks */,
				7A8FCAE11E5BDB9A003942B5 /* Resources */,
				34F3B91E5F08BE18A678EFF7 /* [CP] Embed Pods Frameworks */,
				B5A0BA9840E080A2E8402F16 /* [CP] Copy Pods Resources */,
			);
			buildRules = (
			);
			dependencies = (
				7A8FCAE51E5BDB9A003942B5 /* PBXTargetDependency */,
			);
			name = LemeTests;
			productName = LemeTests;
			productReference = 7A8FCAE31E5BDB9A003942B5 /* LemeTests.xctest */;
			productType = "com.apple.product-type.bundle.unit-test";
		};
/* End PBXNativeTarget section */

/* Begin PBXProject section */
		7A8FCAC51E5BDB9A003942B5 /* Project object */ = {
			isa = PBXProject;
			attributes = {
				LastSwiftUpdateCheck = 0820;
				LastUpgradeCheck = 0820;
				ORGANIZATIONNAME = leeco;
				TargetAttributes = {
					7A8FCACC1E5BDB9A003942B5 = {
						CreatedOnToolsVersion = 8.2.1;
						DevelopmentTeam = VBRK62EWB5;
						ProvisioningStyle = Automatic;
					};
					7A8FCAE21E5BDB9A003942B5 = {
						CreatedOnToolsVersion = 8.2.1;
						DevelopmentTeam = VBRK62EWB5;
						ProvisioningStyle = Automatic;
						TestTargetID = 7A8FCACC1E5BDB9A003942B5;
					};
				};
			};
			buildConfigurationList = 7A8FCAC81E5BDB9A003942B5 /* Build configuration list for PBXProject "Leme" */;
			compatibilityVersion = "Xcode 3.2";
			developmentRegion = English;
			hasScannedForEncodings = 0;
			knownRegions = (
				en,
				Base,
				"zh-Hans",
			);
			mainGroup = 7A8FCAC41E5BDB9A003942B5;
			productRefGroup = 7A8FCACE1E5BDB9A003942B5 /* Products */;
			projectDirPath = "";
			projectRoot = "";
			targets = (
				7A8FCACC1E5BDB9A003942B5 /* Leme */,
				7A8FCAE21E5BDB9A003942B5 /* LemeTests */,
			);
		};
/* End PBXProject section */

/* Begin PBXResourcesBuildPhase section */
		7A8FCACB1E5BDB9A003942B5 /* Resources */ = {
			isa = PBXResourcesBuildPhase;
			buildActionMask = 2147483647;
			files = (
				7AD4696B1E6E51340095EFCE /* AlipaySDK.bundle in Resources */,
				7AD4696A1E6E51340095EFCE /* lemallSDK.bundle in Resources */,
				7AD468C61E686ED20095EFCE /* Assets.xcassets in Resources */,
				7AD468C81E686ED20095EFCE /* Main.storyboard in Resources */,
				7AD469711E6E51340095EFCE /* LepaySDK.bundle in Resources */,
				7AD468C71E686ED20095EFCE /* LaunchScreen.storyboard in Resources */,
				7AD468C91E686ED20095EFCE /* Info.plist in Resources */,
			);
			runOnlyForDeploymentPostprocessing = 0;
		};
		7A8FCAE11E5BDB9A003942B5 /* Resources */ = {
			isa = PBXResourcesBuildPhase;
			buildActionMask = 2147483647;
			files = (
			);
			runOnlyForDeploymentPostprocessing = 0;
		};
/* End PBXResourcesBuildPhase section */

/* Begin PBXShellScriptBuildPhase section */
		34F3B91E5F08BE18A678EFF7 /* [CP] Embed Pods Frameworks */ = {
			isa = PBXShellScriptBuildPhase;
			buildActionMask = 2147483647;
			files = (
			);
			inputPaths = (
			);
			name = "[CP] Embed Pods Frameworks";
			outputPaths = (
			);
			runOnlyForDeploymentPostprocessing = 0;
			shellPath = /bin/sh;
			shellScript = "\"${SRCROOT}/Pods/Target Support Files/Pods-LemeTests/Pods-LemeTests-frameworks.sh\"\n";
			showEnvVarsInLog = 0;
		};
		5E505E31F6B9C676C82E1CF8 /* [CP] Embed Pods Frameworks */ = {
			isa = PBXShellScriptBuildPhase;
			buildActionMask = 2147483647;
			files = (
			);
			inputPaths = (
			);
			name = "[CP] Embed Pods Frameworks";
			outputPaths = (
			);
			runOnlyForDeploymentPostprocessing = 0;
			shellPath = /bin/sh;
			shellScript = "\"${SRCROOT}/Pods/Target Support Files/Pods-Leme/Pods-Leme-frameworks.sh\"\n";
			showEnvVarsInLog = 0;
		};
		7DF206B31E409A3481ABC080 /* [CP] Copy Pods Resources */ = {
			isa = PBXShellScriptBuildPhase;
			buildActionMask = 2147483647;
			files = (
			);
			inputPaths = (
			);
			name = "[CP] Copy Pods Resources";
			outputPaths = (
			);
			runOnlyForDeploymentPostprocessing = 0;
			shellPath = /bin/sh;
			shellScript = "\"${SRCROOT}/Pods/Target Support Files/Pods-Leme/Pods-Leme-resources.sh\"\n";
			showEnvVarsInLog = 0;
		};
		804C6B0C867CDCCE08838861 /* [CP] Check Pods Manifest.lock */ = {
			isa = PBXShellScriptBuildPhase;
			buildActionMask = 2147483647;
			files = (
			);
			inputPaths = (
			);
			name = "[CP] Check Pods Manifest.lock";
			outputPaths = (
			);
			runOnlyForDeploymentPostprocessing = 0;
			shellPath = /bin/sh;
			shellScript = "diff \"${PODS_ROOT}/../Podfile.lock\" \"${PODS_ROOT}/Manifest.lock\" > /dev/null\nif [ $? != 0 ] ; then\n    # print error to STDERR\n    echo \"error: The sandbox is not in sync with the Podfile.lock. Run 'pod install' or update your CocoaPods installation.\" >&2\n    exit 1\nfi\n";
			showEnvVarsInLog = 0;
		};
		B5A0BA9840E080A2E8402F16 /* [CP] Copy Pods Resources */ = {
			isa = PBXShellScriptBuildPhase;
			buildActionMask = 2147483647;
			files = (
			);
			inputPaths = (
			);
			name = "[CP] Copy Pods Resources";
			outputPaths = (
			);
			runOnlyForDeploymentPostprocessing = 0;
			shellPath = /bin/sh;
			shellScript = "\"${SRCROOT}/Pods/Target Support Files/Pods-LemeTests/Pods-LemeTests-resources.sh\"\n";
			showEnvVarsInLog = 0;
		};
		BF8DB43D54AB1178B136266B /* [CP] Check Pods Manifest.lock */ = {
			isa = PBXShellScriptBuildPhase;
			buildActionMask = 2147483647;
			files = (
			);
			inputPaths = (
			);
			name = "[CP] Check Pods Manifest.lock";
			outputPaths = (
			);
			runOnlyForDeploymentPostprocessing = 0;
			shellPath = /bin/sh;
			shellScript = "diff \"${PODS_ROOT}/../Podfile.lock\" \"${PODS_ROOT}/Manifest.lock\" > /dev/null\nif [ $? != 0 ] ; then\n    # print error to STDERR\n    echo \"error: The sandbox is not in sync with the Podfile.lock. Run 'pod install' or update your CocoaPods installation.\" >&2\n    exit 1\nfi\n";
			showEnvVarsInLog = 0;
		};
/* End PBXShellScriptBuildPhase section */

/* Begin PBXSourcesBuildPhase section */
		7A8FCAC91E5BDB9A003942B5 /* Sources */ = {
			isa = PBXSourcesBuildPhase;
			buildActionMask = 2147483647;
			files = (
				7A8FCAD51E5BDB9A003942B5 /* SecondViewController.swift in Sources */,
				7A6D623D1E6540E700D94A33 /* LemeApi.swift in Sources */,
				7AAB462B1E66A54400594257 /* SomeData.swift in Sources */,
				7A8FCAD11E5BDB9A003942B5 /* AppDelegate.swift in Sources */,
				7AEAF98D1E5EE71100712D96 /* LemallHelper.m in Sources */,
				7ADD8D9B1E5C5900004FBC28 /* main.swift in Sources */,
				7A8FCAD31E5BDB9A003942B5 /* FirstViewController.swift in Sources */,
			);
			runOnlyForDeploymentPostprocessing = 0;
		};
		7A8FCADF1E5BDB9A003942B5 /* Sources */ = {
			isa = PBXSourcesBuildPhase;
			buildActionMask = 2147483647;
			files = (
				7A8FCAE81E5BDB9A003942B5 /* LemeTests.swift in Sources */,
			);
			runOnlyForDeploymentPostprocessing = 0;
		};
/* End PBXSourcesBuildPhase section */

/* Begin PBXTargetDependency section */
		7A8FCAE51E5BDB9A003942B5 /* PBXTargetDependency */ = {
			isa = PBXTargetDependency;
			target = 7A8FCACC1E5BDB9A003942B5 /* Leme */;
			targetProxy = 7A8FCAE41E5BDB9A003942B5 /* PBXContainerItemProxy */;
		};
/* End PBXTargetDependency section */

/* Begin PBXVariantGroup section */
		7AD468C01E686ED20095EFCE /* LaunchScreen.storyboard */ = {
			isa = PBXVariantGroup;
			children = (
				7AD468C11E686ED20095EFCE /* Base */,
			);
			name = LaunchScreen.storyboard;
			sourceTree = "<group>";
		};
		7AD468C21E686ED20095EFCE /* Main.storyboard */ = {
			isa = PBXVariantGroup;
			children = (
				7AD468C31E686ED20095EFCE /* Base */,
			);
			name = Main.storyboard;
			sourceTree = "<group>";
		};
/* End PBXVariantGroup section */

/* Begin XCBuildConfiguration section */
		7A8FCAEA1E5BDB9A003942B5 /* Debug */ = {
			isa = XCBuildConfiguration;
			buildSettings = {
				ALWAYS_SEARCH_USER_PATHS = NO;
				CLANG_ANALYZER_NONNULL = YES;
				CLANG_CXX_LANGUAGE_STANDARD = "gnu++0x";
				CLANG_CXX_LIBRARY = "libc++";
				CLANG_ENABLE_MODULES = YES;
				CLANG_ENABLE_OBJC_ARC = YES;
				CLANG_WARN_BOOL_CONVERSION = YES;
				CLANG_WARN_CONSTANT_CONVERSION = YES;
				CLANG_WARN_DIRECT_OBJC_ISA_USAGE = YES_ERROR;
				CLANG_WARN_DOCUMENTATION_COMMENTS = YES;
				CLANG_WARN_EMPTY_BODY = YES;
				CLANG_WARN_ENUM_CONVERSION = YES;
				CLANG_WARN_INFINITE_RECURSION = YES;
				CLANG_WARN_INT_CONVERSION = YES;
				CLANG_WARN_OBJC_ROOT_CLASS = YES_ERROR;
				CLANG_WARN_SUSPICIOUS_MOVE = YES;
				CLANG_WARN_UNREACHABLE_CODE = YES;
				CLANG_WARN__DUPLICATE_METHOD_MATCH = YES;
				"CODE_SIGN_IDENTITY[sdk=iphoneos*]" = "iPhone Developer";
				COPY_PHASE_STRIP = NO;
				DEBUG_INFORMATION_FORMAT = dwarf;
				ENABLE_STRICT_OBJC_MSGSEND = YES;
				ENABLE_TESTABILITY = YES;
				GCC_C_LANGUAGE_STANDARD = gnu99;
				GCC_DYNAMIC_NO_PIC = NO;
				GCC_NO_COMMON_BLOCKS = YES;
				GCC_OPTIMIZATION_LEVEL = 0;
				GCC_PREPROCESSOR_DEFINITIONS = (
					"DEBUG=1",
					"$(inherited)",
				);
				GCC_WARN_64_TO_32_BIT_CONVERSION = YES;
				GCC_WARN_ABOUT_RETURN_TYPE = YES_ERROR;
				GCC_WARN_UNDECLARED_SELECTOR = YES;
				GCC_WARN_UNINITIALIZED_AUTOS = YES_AGGRESSIVE;
				GCC_WARN_UNUSED_FUNCTION = YES;
				GCC_WARN_UNUSED_VARIABLE = YES;
				IPHONEOS_DEPLOYMENT_TARGET = 10.2;
				MTL_ENABLE_DEBUG_INFO = YES;
				ONLY_ACTIVE_ARCH = YES;
				SDKROOT = iphoneos;
				SWIFT_ACTIVE_COMPILATION_CONDITIONS = DEBUG;
				SWIFT_OPTIMIZATION_LEVEL = "-Onone";
			};
			name = Debug;
		};
		7A8FCAEB1E5BDB9A003942B5 /* Release */ = {
			isa = XCBuildConfiguration;
			buildSettings = {
				ALWAYS_SEARCH_USER_PATHS = NO;
				CLANG_ANALYZER_NONNULL = YES;
				CLANG_CXX_LANGUAGE_STANDARD = "gnu++0x";
				CLANG_CXX_LIBRARY = "libc++";
				CLANG_ENABLE_MODULES = YES;
				CLANG_ENABLE_OBJC_ARC = YES;
				CLANG_WARN_BOOL_CONVERSION = YES;
				CLANG_WARN_CONSTANT_CONVERSION = YES;
				CLANG_WARN_DIRECT_OBJC_ISA_USAGE = YES_ERROR;
				CLANG_WARN_DOCUMENTATION_COMMENTS = YES;
				CLANG_WARN_EMPTY_BODY = YES;
				CLANG_WARN_ENUM_CONVERSION = YES;
				CLANG_WARN_INFINITE_RECURSION = YES;
				CLANG_WARN_INT_CONVERSION = YES;
				CLANG_WARN_OBJC_ROOT_CLASS = YES_ERROR;
				CLANG_WARN_SUSPICIOUS_MOVE = YES;
				CLANG_WARN_UNREACHABLE_CODE = YES;
				CLANG_WARN__DUPLICATE_METHOD_MATCH = YES;
				"CODE_SIGN_IDENTITY[sdk=iphoneos*]" = "iPhone Developer";
				COPY_PHASE_STRIP = NO;
				DEBUG_INFORMATION_FORMAT = "dwarf-with-dsym";
				ENABLE_NS_ASSERTIONS = NO;
				ENABLE_STRICT_OBJC_MSGSEND = YES;
				GCC_C_LANGUAGE_STANDARD = gnu99;
				GCC_NO_COMMON_BLOCKS = YES;
				GCC_WARN_64_TO_32_BIT_CONVERSION = YES;
				GCC_WARN_ABOUT_RETURN_TYPE = YES_ERROR;
				GCC_WARN_UNDECLARED_SELECTOR = YES;
				GCC_WARN_UNINITIALIZED_AUTOS = YES_AGGRESSIVE;
				GCC_WARN_UNUSED_FUNCTION = YES;
				GCC_WARN_UNUSED_VARIABLE = YES;
				IPHONEOS_DEPLOYMENT_TARGET = 10.2;
				MTL_ENABLE_DEBUG_INFO = NO;
				SDKROOT = iphoneos;
				SWIFT_OPTIMIZATION_LEVEL = "-Owholemodule";
				VALIDATE_PRODUCT = YES;
			};
			name = Release;
		};
		7A8FCAED1E5BDB9A003942B5 /* Debug */ = {
			isa = XCBuildConfiguration;
			baseConfigurationReference = BED748586794CF77236E344C /* Pods-Leme.debug.xcconfig */;
			buildSettings = {
				ALWAYS_SEARCH_USER_PATHS = NO;
				ASSETCATALOG_COMPILER_APPICON_NAME = AppIcon;
				CLANG_ALLOW_NON_MODULAR_INCLUDES_IN_FRAMEWORK_MODULES = YES;
				DEFINES_MODULE = YES;
				DEVELOPMENT_TEAM = VBRK62EWB5;
				FRAMEWORK_SEARCH_PATHS = (
					"$(inherited)",
					"$(PROJECT_DIR)/build/Debug-iphoneos/RxNimble",
					"$(PROJECT_DIR)/Vendors/LemallSdk1.5/LepaySDK/3rdSDK/AliPay",
				);
				HEADER_SEARCH_PATHS = "";
				INFOPLIST_FILE = Resources/Info.plist;
				IPHONEOS_DEPLOYMENT_TARGET = 9.0;
				LD_RUNPATH_SEARCH_PATHS = "$(inherited) @executable_path/Frameworks";
				LIBRARY_SEARCH_PATHS = (
					"$(PROJECT_DIR)/Vendors/LemallSdk1.5",
					"$(PROJECT_DIR)/Vendors/LemallSdk1.5/LepaySDK/3rdSDK/letracker",
					"$(PROJECT_DIR)/Vendors/LemallSdk1.5/LepaySDK/3rdSDK/uppay",
					"$(PROJECT_DIR)/Vendors/LemallSdk1.5/LepaySDK/3rdSDK/wxpay",
					"$(PROJECT_DIR)/Vendors/LemallSdk1.5/LepaySDK",
					"$(PROJECT_DIR)/Vendors/XiangShanBLE",
					"$(PROJECT_DIR)/Vendors/Agnes",
				);
				OTHER_LDFLAGS = (
					"$(inherited)",
					"-framework",
					"\"Alamofire\"",
					"-framework",
					"\"CWStatusBarNotification\"",
					"-framework",
					"\"Moya\"",
					"-framework",
					"\"Moya_SwiftyJSONMapper\"",
					"-framework",
					"\"Result\"",
					"-framework",
					"\"RxAlamofire\"",
					"-framework",
					"\"RxCocoa\"",
					"-framework",
					"\"RxDataSources\"",
					"-framework",
					"\"RxSwift\"",
					"-framework",
					"\"SwiftyJSON\"",
					"-all_load",
				);
				OTHER_SWIFT_FLAGS = "$(inherited) \"-D\" \"COCOAPODS\" -Xfrontend -debug-time-function-bodies -Xfrontend -debug-time-function-bodies";
				PRODUCT_BUNDLE_IDENTIFIER = com.le.Leme;
				PRODUCT_NAME = "$(TARGET_NAME)";
				SWIFT_OBJC_BRIDGING_HEADER = "Resources/Leme-Bridging-Header.h";
				SWIFT_VERSION = 3.0;
				USER_HEADER_SEARCH_PATHS = "";
			};
			name = Debug;
		};
		7A8FCAEE1E5BDB9A003942B5 /* Release */ = {
			isa = XCBuildConfiguration;
			baseConfigurationReference = A31FBD00AD55F6193DF17205 /* Pods-Leme.release.xcconfig */;
			buildSettings = {
				ALWAYS_SEARCH_USER_PATHS = NO;
				ASSETCATALOG_COMPILER_APPICON_NAME = AppIcon;
				CLANG_ALLOW_NON_MODULAR_INCLUDES_IN_FRAMEWORK_MODULES = YES;
				DEFINES_MODULE = YES;
				DEVELOPMENT_TEAM = VBRK62EWB5;
				FRAMEWORK_SEARCH_PATHS = (
					"$(inherited)",
					"$(PROJECT_DIR)/build/Debug-iphoneos/RxNimble",
					"$(PROJECT_DIR)/Vendors/LemallSdk1.5/LepaySDK/3rdSDK/AliPay",
				);
				HEADER_SEARCH_PATHS = "";
				INFOPLIST_FILE = Resources/Info.plist;
				IPHONEOS_DEPLOYMENT_TARGET = 9.0;
				LD_RUNPATH_SEARCH_PATHS = "$(inherited) @executable_path/Frameworks";
				LIBRARY_SEARCH_PATHS = (
					"$(PROJECT_DIR)/Vendors/LemallSdk1.5",
					"$(PROJECT_DIR)/Vendors/LemallSdk1.5/LepaySDK/3rdSDK/letracker",
					"$(PROJECT_DIR)/Vendors/LemallSdk1.5/LepaySDK/3rdSDK/uppay",
					"$(PROJECT_DIR)/Vendors/LemallSdk1.5/LepaySDK/3rdSDK/wxpay",
					"$(PROJECT_DIR)/Vendors/LemallSdk1.5/LepaySDK",
					"$(PROJECT_DIR)/Vendors/XiangShanBLE",
					"$(PROJECT_DIR)/Vendors/Agnes",
				);
				OTHER_LDFLAGS = (
					"$(inherited)",
					"-framework",
					"\"Alamofire\"",
					"-framework",
					"\"CWStatusBarNotification\"",
					"-framework",
					"\"Moya\"",
					"-framework",
					"\"Moya_SwiftyJSONMapper\"",
					"-framework",
					"\"Result\"",
					"-framework",
					"\"RxAlamofire\"",
					"-framework",
					"\"RxCocoa\"",
					"-framework",
					"\"RxDataSources\"",
					"-framework",
					"\"RxSwift\"",
					"-framework",
					"\"SwiftyJSON\"",
					"-all_load",
				);
				OTHER_SWIFT_FLAGS = "$(inherited) \"-D\" \"COCOAPODS\" -Xfrontend -debug-time-function-bodies -Xfrontend -debug-time-function-bodies";
				PRODUCT_BUNDLE_IDENTIFIER = com.le.Leme;
				PRODUCT_NAME = "$(TARGET_NAME)";
				SWIFT_OBJC_BRIDGING_HEADER = "Resources/Leme-Bridging-Header.h";
				SWIFT_VERSION = 3.0;
				USER_HEADER_SEARCH_PATHS = "";
			};
			name = Release;
		};
		7A8FCAF01E5BDB9A003942B5 /* Debug */ = {
			isa = XCBuildConfiguration;
			baseConfigurationReference = 9FB8881830E6E9613203CCE9 /* Pods-LemeTests.debug.xcconfig */;
			buildSettings = {
				ALWAYS_EMBED_SWIFT_STANDARD_LIBRARIES = YES;
				BUNDLE_LOADER = "$(TEST_HOST)";
				DEVELOPMENT_TEAM = VBRK62EWB5;
				INFOPLIST_FILE = LemeTests/Info.plist;
				LD_RUNPATH_SEARCH_PATHS = "$(inherited) @executable_path/Frameworks @loader_path/Frameworks";
				PRODUCT_BUNDLE_IDENTIFIER = com.le.LemeTests;
				PRODUCT_NAME = "$(TARGET_NAME)";
				SWIFT_VERSION = 3.0;
				TEST_HOST = "$(BUILT_PRODUCTS_DIR)/Leme.app/Leme";
			};
			name = Debug;
		};
		7A8FCAF11E5BDB9A003942B5 /* Release */ = {
			isa = XCBuildConfiguration;
			baseConfigurationReference = 9573DA0DCBC772CD8759C199 /* Pods-LemeTests.release.xcconfig */;
			buildSettings = {
				ALWAYS_EMBED_SWIFT_STANDARD_LIBRARIES = YES;
				BUNDLE_LOADER = "$(TEST_HOST)";
				DEVELOPMENT_TEAM = VBRK62EWB5;
				INFOPLIST_FILE = LemeTests/Info.plist;
				LD_RUNPATH_SEARCH_PATHS = "$(inherited) @executable_path/Frameworks @loader_path/Frameworks";
				PRODUCT_BUNDLE_IDENTIFIER = com.le.LemeTests;
				PRODUCT_NAME = "$(TARGET_NAME)";
				SWIFT_VERSION = 3.0;
				TEST_HOST = "$(BUILT_PRODUCTS_DIR)/Leme.app/Leme";
			};
			name = Release;
		};
/* End XCBuildConfiguration section */

/* Begin XCConfigurationList section */
		7A8FCAC81E5BDB9A003942B5 /* Build configuration list for PBXProject "Leme" */ = {
			isa = XCConfigurationList;
			buildConfigurations = (
				7A8FCAEA1E5BDB9A003942B5 /* Debug */,
				7A8FCAEB1E5BDB9A003942B5 /* Release */,
			);
			defaultConfigurationIsVisible = 0;
			defaultConfigurationName = Release;
		};
		7A8FCAEC1E5BDB9A003942B5 /* Build configuration list for PBXNativeTarget "Leme" */ = {
			isa = XCConfigurationList;
			buildConfigurations = (
				7A8FCAED1E5BDB9A003942B5 /* Debug */,
				7A8FCAEE1E5BDB9A003942B5 /* Release */,
			);
			defaultConfigurationIsVisible = 0;
			defaultConfigurationName = Release;
		};
		7A8FCAEF1E5BDB9A003942B5 /* Build configuration list for PBXNativeTarget "LemeTests" */ = {
			isa = XCConfigurationList;
			buildConfigurations = (
				7A8FCAF01E5BDB9A003942B5 /* Debug */,
				7A8FCAF11E5BDB9A003942B5 /* Release */,
			);
			defaultConfigurationIsVisible = 0;
			defaultConfigurationName = Release;
		};
/* End XCConfigurationList section */
	};
	rootObject = 7A8FCAC51E5BDB9A003942B5 /* Project object */;
}
